
Microsoft Visual Studio Solution File, Format Version 12.00
# Visual Studio Version 16
VisualStudioVersion = 16.0.32126.315
MinimumVisualStudioVersion = 10.0.40219.1
Project("{8BC9CEB8-8B4A-11D0-8D11-00A0C91BC942}") = "Laba2", "Laba2\Laba2.vcxproj", "{AE301089-9853-4183-A507-B1F63DE741FD}"
EndProject
Global
	GlobalSection(SolutionConfigurationPlatforms) = preSolution
		Debug|x64 = Debug|x64
		Debug|x86 = Debug|x86
		Release|x64 = Release|x64
		Release|x86 = Release|x86
	EndGlobalSection
	GlobalSection(ProjectConfigurationPlatforms) = postSolution
		{AE301089-9853-4183-A507-B1F63DE741FD}.Debug|x64.ActiveCfg = Debug|x64
		{AE301089-9853-4183-A507-B1F63DE741FD}.Debug|x64.Build.0 = Debug|x64
		{AE301089-9853-4183-A507-B1F63DE741FD}.Debug|x86.ActiveCfg = Debug|Win32
		{AE301089-9853-4183-A507-B1F63DE741FD}.Debug|x86.Build.0 = Debug|Win32
		{AE301089-9853-4183-A507-B1F63DE741FD}.Release|x64.ActiveCfg = Release|x64
		{AE301089-9853-4183-A507-B1F63DE741FD}.Release|x64.Build.0 = Release|x64
		{AE301089-9853-4183-A507-B1F63DE741FD}.Release|x86.ActiveCfg = Release|Win32
		{AE301089-9853-4183-A507-B1F63DE741FD}.Release|x86.Build.0 = Release|Win32
	EndGlobalSection
	GlobalSection(SolutionProperties) = preSolution
		HideSolutionNode = FALSE
	EndGlobalSection
	GlobalSection(ExtensibilityGlobals) = postSolution
		SolutionGuid = {41DF4CE4-C39B-4505-B444-8C5D87A419A2}
	EndGlobalSection
EndGlobal
